
Microsoft Visual Studio Solution File, Format Version 12.00
Project("{FAE04EC0-301F-11D3-BF4B-00C04F79EFBC}") = "SetGame", "SetGame.csproj", "{A877ACF1-B226-4CAB-93C6-30EF7C5C75D6}"
EndProject
Global
	GlobalSection(SolutionConfigurationPlatforms) = preSolution
		Debug|Any CPU = Debug|Any CPU
		Release|Any CPU = Release|Any CPU
	EndGlobalSection
	GlobalSection(ProjectConfigurationPlatforms) = postSolution
		{A877ACF1-B226-4CAB-93C6-30EF7C5C75D6}.Debug|Any CPU.ActiveCfg = Debug|Any CPU
		{A877ACF1-B226-4CAB-93C6-30EF7C5C75D6}.Debug|Any CPU.Build.0 = Debug|Any CPU
		{A877ACF1-B226-4CAB-93C6-30EF7C5C75D6}.Release|Any CPU.ActiveCfg = Release|Any CPU
		{A877ACF1-B226-4CAB-93C6-30EF7C5C75D6}.Release|Any CPU.Build.0 = Release|Any CPU
	EndGlobalSection
EndGlobal
